
Microsoft Visual Studio Solution File, Format Version 12.00
# Visual Studio Version 17
VisualStudioVersion = 17.14.36119.2 d17.14
MinimumVisualStudioVersion = 10.0.40219.1
Project("{FAE04EC0-301F-11D3-BF4B-00C04F79EFBC}") = "Course 7", "Course 7\Course 7.csproj", "{BDFA4A7F-42DB-4417-B53F-60D1EA6FA75A}"
EndProject
Global
	GlobalSection(SolutionConfigurationPlatforms) = preSolution
		Debug|Any CPU = Debug|Any CPU
		Release|Any CPU = Release|Any CPU
	EndGlobalSection
	GlobalSection(ProjectConfigurationPlatforms) = postSolution
		{BDFA4A7F-42DB-4417-B53F-60D1EA6FA75A}.Debug|Any CPU.ActiveCfg = Debug|Any CPU
		{BDFA4A7F-42DB-4417-B53F-60D1EA6FA75A}.Debug|Any CPU.Build.0 = Debug|Any CPU
		{BDFA4A7F-42DB-4417-B53F-60D1EA6FA75A}.Release|Any CPU.ActiveCfg = Release|Any CPU
		{BDFA4A7F-42DB-4417-B53F-60D1EA6FA75A}.Release|Any CPU.Build.0 = Release|Any CPU
	EndGlobalSection
	GlobalSection(SolutionProperties) = preSolution
		HideSolutionNode = FALSE
	EndGlobalSection
	GlobalSection(ExtensibilityGlobals) = postSolution
		SolutionGuid = {BDE77DFD-8683-490D-A288-EE1D42699F5C}
	EndGlobalSection
EndGlobal
