
Microsoft Visual Studio Solution File, Format Version 12.00
# Visual Studio Version 17
VisualStudioVersion = 17.14.36119.2 d17.14
MinimumVisualStudioVersion = 10.0.40219.1
Project("{FAE04EC0-301F-11D3-BF4B-00C04F79EFBC}") = "Base", "Base\Base.csproj", "{BDF2AAE6-A3BB-42DA-AC83-F5FC74D46279}"
EndProject
Project("{FAE04EC0-301F-11D3-BF4B-00C04F79EFBC}") = "Utils", "Utils\Utils.csproj", "{A6259B69-3A81-4EAD-A098-A60185BB5268}"
EndProject
Global
	GlobalSection(SolutionConfigurationPlatforms) = preSolution
		Debug|Any CPU = Debug|Any CPU
		Release|Any CPU = Release|Any CPU
	EndGlobalSection
	GlobalSection(ProjectConfigurationPlatforms) = postSolution
		{BDF2AAE6-A3BB-42DA-AC83-F5FC74D46279}.Debug|Any CPU.ActiveCfg = Debug|Any CPU
		{BDF2AAE6-A3BB-42DA-AC83-F5FC74D46279}.Debug|Any CPU.Build.0 = Debug|Any CPU
		{BDF2AAE6-A3BB-42DA-AC83-F5FC74D46279}.Release|Any CPU.ActiveCfg = Release|Any CPU
		{BDF2AAE6-A3BB-42DA-AC83-F5FC74D46279}.Release|Any CPU.Build.0 = Release|Any CPU
		{A6259B69-3A81-4EAD-A098-A60185BB5268}.Debug|Any CPU.ActiveCfg = Debug|Any CPU
		{A6259B69-3A81-4EAD-A098-A60185BB5268}.Debug|Any CPU.Build.0 = Debug|Any CPU
		{A6259B69-3A81-4EAD-A098-A60185BB5268}.Release|Any CPU.ActiveCfg = Release|Any CPU
		{A6259B69-3A81-4EAD-A098-A60185BB5268}.Release|Any CPU.Build.0 = Release|Any CPU
	EndGlobalSection
	GlobalSection(SolutionProperties) = preSolution
		HideSolutionNode = FALSE
	EndGlobalSection
	GlobalSection(ExtensibilityGlobals) = postSolution
		SolutionGuid = {B0DEE1D3-A148-45E0-B500-A9ACC3A3BA5D}
	EndGlobalSection
EndGlobal
