
Microsoft Visual Studio Solution File, Format Version 12.00
# Visual Studio Version 17
VisualStudioVersion = 17.14.36202.13
MinimumVisualStudioVersion = 10.0.40219.1
Project("{FAE04EC0-301F-11D3-BF4B-00C04F79EFBC}") = "FinalAssignmentPageObjects", "FinalAssignmentPageObjects\FinalAssignmentPageObjects.csproj", "{7BD9AD38-8430-428C-8AA1-FB14AEABCD46}"
EndProject
Project("{FAE04EC0-301F-11D3-BF4B-00C04F79EFBC}") = "FinalAssignmentTests", "FinalAssignmentTests\FinalAssignmentTests.csproj", "{ED41CCCA-CAC5-4C31-81AA-0860E1F9A3E8}"
EndProject
Project("{FAE04EC0-301F-11D3-BF4B-00C04F79EFBC}") = "FinalAssignmentUtils", "FinalAssignmentUtils\FinalAssignmentUtils.csproj", "{96D1130C-4970-4DC0-8D29-BFC220EA58C4}"
EndProject
Global
	GlobalSection(SolutionConfigurationPlatforms) = preSolution
		Debug|Any CPU = Debug|Any CPU
		Release|Any CPU = Release|Any CPU
	EndGlobalSection
	GlobalSection(ProjectConfigurationPlatforms) = postSolution
		{7BD9AD38-8430-428C-8AA1-FB14AEABCD46}.Debug|Any CPU.ActiveCfg = Debug|Any CPU
		{7BD9AD38-8430-428C-8AA1-FB14AEABCD46}.Debug|Any CPU.Build.0 = Debug|Any CPU
		{7BD9AD38-8430-428C-8AA1-FB14AEABCD46}.Release|Any CPU.ActiveCfg = Release|Any CPU
		{7BD9AD38-8430-428C-8AA1-FB14AEABCD46}.Release|Any CPU.Build.0 = Release|Any CPU
		{ED41CCCA-CAC5-4C31-81AA-0860E1F9A3E8}.Debug|Any CPU.ActiveCfg = Debug|Any CPU
		{ED41CCCA-CAC5-4C31-81AA-0860E1F9A3E8}.Debug|Any CPU.Build.0 = Debug|Any CPU
		{ED41CCCA-CAC5-4C31-81AA-0860E1F9A3E8}.Release|Any CPU.ActiveCfg = Release|Any CPU
		{ED41CCCA-CAC5-4C31-81AA-0860E1F9A3E8}.Release|Any CPU.Build.0 = Release|Any CPU
		{96D1130C-4970-4DC0-8D29-BFC220EA58C4}.Debug|Any CPU.ActiveCfg = Debug|Any CPU
		{96D1130C-4970-4DC0-8D29-BFC220EA58C4}.Debug|Any CPU.Build.0 = Debug|Any CPU
		{96D1130C-4970-4DC0-8D29-BFC220EA58C4}.Release|Any CPU.ActiveCfg = Release|Any CPU
		{96D1130C-4970-4DC0-8D29-BFC220EA58C4}.Release|Any CPU.Build.0 = Release|Any CPU
	EndGlobalSection
	GlobalSection(SolutionProperties) = preSolution
		HideSolutionNode = FALSE
	EndGlobalSection
	GlobalSection(ExtensibilityGlobals) = postSolution
		SolutionGuid = {A51A3442-2D5C-4DC8-AAA8-E964AF2EA78E}
	EndGlobalSection
EndGlobal
