
Microsoft Visual Studio Solution File, Format Version 12.00
# Visual Studio Version 17
VisualStudioVersion = 17.14.36301.6 d17.14
MinimumVisualStudioVersion = 10.0.40219.1
Project("{FAE04EC0-301F-11D3-BF4B-00C04F79EFBC}") = "TestPage", "TestPage\TestPage.csproj", "{4A683BC1-6D79-477B-953C-58A402ACAF7B}"
EndProject
Global
	GlobalSection(SolutionConfigurationPlatforms) = preSolution
		Debug|Any CPU = Debug|Any CPU
		Release|Any CPU = Release|Any CPU
	EndGlobalSection
	GlobalSection(ProjectConfigurationPlatforms) = postSolution
		{4A683BC1-6D79-477B-953C-58A402ACAF7B}.Debug|Any CPU.ActiveCfg = Debug|Any CPU
		{4A683BC1-6D79-477B-953C-58A402ACAF7B}.Debug|Any CPU.Build.0 = Debug|Any CPU
		{4A683BC1-6D79-477B-953C-58A402ACAF7B}.Release|Any CPU.ActiveCfg = Release|Any CPU
		{4A683BC1-6D79-477B-953C-58A402ACAF7B}.Release|Any CPU.Build.0 = Release|Any CPU
	EndGlobalSection
	GlobalSection(SolutionProperties) = preSolution
		HideSolutionNode = FALSE
	EndGlobalSection
	GlobalSection(ExtensibilityGlobals) = postSolution
		SolutionGuid = {D738EB6B-20B3-417C-9A12-972321B1A7CA}
	EndGlobalSection
EndGlobal
