
Microsoft Visual Studio Solution File, Format Version 12.00
# Visual Studio Version 17
VisualStudioVersion = 17.11.35222.181
MinimumVisualStudioVersion = 10.0.40219.1
Project("{FAE04EC0-301F-11D3-BF4B-00C04F79EFBC}") = "Course 9", "Course 9.csproj", "{71290574-4B52-46BD-AE0F-5C8862448681}"
EndProject
Global
	GlobalSection(SolutionConfigurationPlatforms) = preSolution
		Debug|Any CPU = Debug|Any CPU
		Release|Any CPU = Release|Any CPU
	EndGlobalSection
	GlobalSection(ProjectConfigurationPlatforms) = postSolution
		{71290574-4B52-46BD-AE0F-5C8862448681}.Debug|Any CPU.ActiveCfg = Debug|Any CPU
		{71290574-4B52-46BD-AE0F-5C8862448681}.Debug|Any CPU.Build.0 = Debug|Any CPU
		{71290574-4B52-46BD-AE0F-5C8862448681}.Release|Any CPU.ActiveCfg = Release|Any CPU
		{71290574-4B52-46BD-AE0F-5C8862448681}.Release|Any CPU.Build.0 = Release|Any CPU
	EndGlobalSection
	GlobalSection(SolutionProperties) = preSolution
		HideSolutionNode = FALSE
	EndGlobalSection
	GlobalSection(ExtensibilityGlobals) = postSolution
		SolutionGuid = {616456DA-68FA-4886-96F5-576186F820B0}
	EndGlobalSection
EndGlobal
