
Microsoft Visual Studio Solution File, Format Version 12.00
# Visual Studio Version 17
VisualStudioVersion = 17.14.36202.13 d17.14
MinimumVisualStudioVersion = 10.0.40219.1
Project("{FAE04EC0-301F-11D3-BF4B-00C04F79EFBC}") = "page-objects", "page-objects\page-objects.csproj", "{A5CF21CC-B1D2-444E-BCAF-9AEA92F41BE1}"
EndProject
Project("{FAE04EC0-301F-11D3-BF4B-00C04F79EFBC}") = "tests", "tests\tests.csproj", "{CE7FCB77-AC15-4343-BDFC-1E42DB33DDAE}"
EndProject
Global
	GlobalSection(SolutionConfigurationPlatforms) = preSolution
		Debug|Any CPU = Debug|Any CPU
		Release|Any CPU = Release|Any CPU
	EndGlobalSection
	GlobalSection(ProjectConfigurationPlatforms) = postSolution
		{A5CF21CC-B1D2-444E-BCAF-9AEA92F41BE1}.Debug|Any CPU.ActiveCfg = Debug|Any CPU
		{A5CF21CC-B1D2-444E-BCAF-9AEA92F41BE1}.Debug|Any CPU.Build.0 = Debug|Any CPU
		{A5CF21CC-B1D2-444E-BCAF-9AEA92F41BE1}.Release|Any CPU.ActiveCfg = Release|Any CPU
		{A5CF21CC-B1D2-444E-BCAF-9AEA92F41BE1}.Release|Any CPU.Build.0 = Release|Any CPU
		{CE7FCB77-AC15-4343-BDFC-1E42DB33DDAE}.Debug|Any CPU.ActiveCfg = Debug|Any CPU
		{CE7FCB77-AC15-4343-BDFC-1E42DB33DDAE}.Debug|Any CPU.Build.0 = Debug|Any CPU
		{CE7FCB77-AC15-4343-BDFC-1E42DB33DDAE}.Release|Any CPU.ActiveCfg = Release|Any CPU
		{CE7FCB77-AC15-4343-BDFC-1E42DB33DDAE}.Release|Any CPU.Build.0 = Release|Any CPU
	EndGlobalSection
	GlobalSection(SolutionProperties) = preSolution
		HideSolutionNode = FALSE
	EndGlobalSection
	GlobalSection(ExtensibilityGlobals) = postSolution
		SolutionGuid = {D7B965D6-A040-49B1-A999-9BAD21D2459A}
	EndGlobalSection
EndGlobal
