
Microsoft Visual Studio Solution File, Format Version 12.00
# Visual Studio Version 17
VisualStudioVersion = 17.14.36119.2
MinimumVisualStudioVersion = 10.0.40219.1
Project("{FAE04EC0-301F-11D3-BF4B-00C04F79EFBC}") = "Course 5", "Course 5\Course 5.csproj", "{3AC0F954-CF37-41F7-8BEA-B4F7C5C2F49C}"
EndProject
Project("{FAE04EC0-301F-11D3-BF4B-00C04F79EFBC}") = "OutsideAssembly", "OutsideAssembly\OutsideAssembly.csproj", "{81ED55A8-78B2-4188-93EF-655B42A37D27}"
EndProject
Global
	GlobalSection(SolutionConfigurationPlatforms) = preSolution
		Debug|Any CPU = Debug|Any CPU
		Release|Any CPU = Release|Any CPU
	EndGlobalSection
	GlobalSection(ProjectConfigurationPlatforms) = postSolution
		{3AC0F954-CF37-41F7-8BEA-B4F7C5C2F49C}.Debug|Any CPU.ActiveCfg = Debug|Any CPU
		{3AC0F954-CF37-41F7-8BEA-B4F7C5C2F49C}.Debug|Any CPU.Build.0 = Debug|Any CPU
		{3AC0F954-CF37-41F7-8BEA-B4F7C5C2F49C}.Release|Any CPU.ActiveCfg = Release|Any CPU
		{3AC0F954-CF37-41F7-8BEA-B4F7C5C2F49C}.Release|Any CPU.Build.0 = Release|Any CPU
		{81ED55A8-78B2-4188-93EF-655B42A37D27}.Debug|Any CPU.ActiveCfg = Debug|Any CPU
		{81ED55A8-78B2-4188-93EF-655B42A37D27}.Debug|Any CPU.Build.0 = Debug|Any CPU
		{81ED55A8-78B2-4188-93EF-655B42A37D27}.Release|Any CPU.ActiveCfg = Release|Any CPU
		{81ED55A8-78B2-4188-93EF-655B42A37D27}.Release|Any CPU.Build.0 = Release|Any CPU
	EndGlobalSection
	GlobalSection(SolutionProperties) = preSolution
		HideSolutionNode = FALSE
	EndGlobalSection
	GlobalSection(ExtensibilityGlobals) = postSolution
		SolutionGuid = {08EBC47B-8D69-4785-8B43-E1DE1016F0E5}
	EndGlobalSection
EndGlobal
