
Microsoft Visual Studio Solution File, Format Version 12.00
# Visual Studio Version 17
VisualStudioVersion = 17.14.36119.2 d17.14
MinimumVisualStudioVersion = 10.0.40219.1
Project("{FAE04EC0-301F-11D3-BF4B-00C04F79EFBC}") = "HW_Course5", "HW_Course5\HW_Course5.csproj", "{9047A80C-2E80-4DD8-82CA-F234B7DCD476}"
EndProject
Project("{FAE04EC0-301F-11D3-BF4B-00C04F79EFBC}") = "Browsers", "Browsers\Browsers.csproj", "{04C89807-FAD3-4722-8452-37BC9DDFF22D}"
EndProject
Global
	GlobalSection(SolutionConfigurationPlatforms) = preSolution
		Debug|Any CPU = Debug|Any CPU
		Release|Any CPU = Release|Any CPU
	EndGlobalSection
	GlobalSection(ProjectConfigurationPlatforms) = postSolution
		{9047A80C-2E80-4DD8-82CA-F234B7DCD476}.Debug|Any CPU.ActiveCfg = Debug|Any CPU
		{9047A80C-2E80-4DD8-82CA-F234B7DCD476}.Debug|Any CPU.Build.0 = Debug|Any CPU
		{9047A80C-2E80-4DD8-82CA-F234B7DCD476}.Release|Any CPU.ActiveCfg = Release|Any CPU
		{9047A80C-2E80-4DD8-82CA-F234B7DCD476}.Release|Any CPU.Build.0 = Release|Any CPU
		{04C89807-FAD3-4722-8452-37BC9DDFF22D}.Debug|Any CPU.ActiveCfg = Debug|Any CPU
		{04C89807-FAD3-4722-8452-37BC9DDFF22D}.Debug|Any CPU.Build.0 = Debug|Any CPU
		{04C89807-FAD3-4722-8452-37BC9DDFF22D}.Release|Any CPU.ActiveCfg = Release|Any CPU
		{04C89807-FAD3-4722-8452-37BC9DDFF22D}.Release|Any CPU.Build.0 = Release|Any CPU
	EndGlobalSection
	GlobalSection(SolutionProperties) = preSolution
		HideSolutionNode = FALSE
	EndGlobalSection
	GlobalSection(ExtensibilityGlobals) = postSolution
		SolutionGuid = {4B53AE6E-0B19-48FA-BCBE-94488073BE88}
	EndGlobalSection
EndGlobal
