
Microsoft Visual Studio Solution File, Format Version 12.00
# Visual Studio Version 17
VisualStudioVersion = 17.14.36119.2 d17.14
MinimumVisualStudioVersion = 10.0.40219.1
Project("{FAE04EC0-301F-11D3-BF4B-00C04F79EFBC}") = "HW_Course6", "HW_Course6\HW_Course6.csproj", "{642EB0C9-407F-4607-9329-803A130DBDBD}"
EndProject
Global
	GlobalSection(SolutionConfigurationPlatforms) = preSolution
		Debug|Any CPU = Debug|Any CPU
		Release|Any CPU = Release|Any CPU
	EndGlobalSection
	GlobalSection(ProjectConfigurationPlatforms) = postSolution
		{642EB0C9-407F-4607-9329-803A130DBDBD}.Debug|Any CPU.ActiveCfg = Debug|Any CPU
		{642EB0C9-407F-4607-9329-803A130DBDBD}.Debug|Any CPU.Build.0 = Debug|Any CPU
		{642EB0C9-407F-4607-9329-803A130DBDBD}.Release|Any CPU.ActiveCfg = Release|Any CPU
		{642EB0C9-407F-4607-9329-803A130DBDBD}.Release|Any CPU.Build.0 = Release|Any CPU
	EndGlobalSection
	GlobalSection(SolutionProperties) = preSolution
		HideSolutionNode = FALSE
	EndGlobalSection
	GlobalSection(ExtensibilityGlobals) = postSolution
		SolutionGuid = {6D51342E-AE19-4393-BC5D-04A8386802CF}
	EndGlobalSection
EndGlobal
